
Microsoft Visual Studio Solution File, Format Version 12.00
# Visual Studio Version 17
VisualStudioVersion = 17.8.34511.84
MinimumVisualStudioVersion = 10.0.40219.1
Project("{FAE04EC0-301F-11D3-BF4B-00C04F79EFBC}") = "H3.SymmetricalEncryption", "H3.SymmetricalEncryption\H3.SymmetricalEncryption.csproj", "{1487E154-ADC4-4F46-AAE5-4302C99002DD}"
EndProject
Global
	GlobalSection(SolutionConfigurationPlatforms) = preSolution
		Debug|Any CPU = Debug|Any CPU
		Release|Any CPU = Release|Any CPU
	EndGlobalSection
	GlobalSection(ProjectConfigurationPlatforms) = postSolution
		{1487E154-ADC4-4F46-AAE5-4302C99002DD}.Debug|Any CPU.ActiveCfg = Debug|Any CPU
		{1487E154-ADC4-4F46-AAE5-4302C99002DD}.Debug|Any CPU.Build.0 = Debug|Any CPU
		{1487E154-ADC4-4F46-AAE5-4302C99002DD}.Release|Any CPU.ActiveCfg = Release|Any CPU
		{1487E154-ADC4-4F46-AAE5-4302C99002DD}.Release|Any CPU.Build.0 = Release|Any CPU
	EndGlobalSection
	GlobalSection(SolutionProperties) = preSolution
		HideSolutionNode = FALSE
	EndGlobalSection
	GlobalSection(ExtensibilityGlobals) = postSolution
		SolutionGuid = {0BF25FCA-73C2-417B-9DFC-DC14EF677D20}
	EndGlobalSection
EndGlobal
